
Microsoft Visual Studio Solution File, Format Version 12.00
# Visual Studio 15
VisualStudioVersion = 15.0.27130.2027
MinimumVisualStudioVersion = 10.0.40219.1
Project("{2150E333-8FDC-42A3-9474-1A3956D46DE8}") = "Engine", "Engine", "{F2799695-4302-410C-9D45-8307BBDFCF31}"
EndProject
Project("{2150E333-8FDC-42A3-9474-1A3956D46DE8}") = "Games", "Games", "{50193EA2-E1A5-4065-8F02-79211A09B856}"
EndProject
Project("{8BC9CEB8-8B4A-11D0-8D11-00A0C91BC942}") = "UE4", "Intermediate\ProjectFiles\UE4.vcxproj", "{8C73E9C9-9839-4C59-A195-5AD4A721F4E9}"
EndProject
Project("{8BC9CEB8-8B4A-11D0-8D11-00A0C91BC942}") = "BuildingEscape", "Intermediate\ProjectFiles\BuildingEscape.vcxproj", "{D83DD547-E99F-4E80-910D-701DC5D7F89B}"
EndProject
Global
	GlobalSection(SolutionConfigurationPlatforms) = preSolution
		DebugGame Editor|HTML5 = DebugGame Editor|HTML5
		DebugGame Editor|Win32 = DebugGame Editor|Win32
		DebugGame Editor|Win64 = DebugGame Editor|Win64
		DebugGame|HTML5 = DebugGame|HTML5
		DebugGame|Win32 = DebugGame|Win32
		DebugGame|Win64 = DebugGame|Win64
		Development Editor|HTML5 = Development Editor|HTML5
		Development Editor|Win32 = Development Editor|Win32
		Development Editor|Win64 = Development Editor|Win64
		Development|HTML5 = Development|HTML5
		Development|Win32 = Development|Win32
		Development|Win64 = Development|Win64
		Shipping|HTML5 = Shipping|HTML5
		Shipping|Win32 = Shipping|Win32
		Shipping|Win64 = Shipping|Win64
	EndGlobalSection
	GlobalSection(ProjectConfigurationPlatforms) = postSolution
		{8C73E9C9-9839-4C59-A195-5AD4A721F4E9}.DebugGame Editor|HTML5.ActiveCfg = BuiltWithUnrealBuildTool|Win32
		{8C73E9C9-9839-4C59-A195-5AD4A721F4E9}.DebugGame Editor|HTML5.Build.0 = BuiltWithUnrealBuildTool|Win32
		{8C73E9C9-9839-4C59-A195-5AD4A721F4E9}.DebugGame Editor|Win32.ActiveCfg = BuiltWithUnrealBuildTool|Win32
		{8C73E9C9-9839-4C59-A195-5AD4A721F4E9}.DebugGame Editor|Win32.Build.0 = BuiltWithUnrealBuildTool|Win32
		{8C73E9C9-9839-4C59-A195-5AD4A721F4E9}.DebugGame Editor|Win64.ActiveCfg = BuiltWithUnrealBuildTool|Win32
		{8C73E9C9-9839-4C59-A195-5AD4A721F4E9}.DebugGame Editor|Win64.Build.0 = BuiltWithUnrealBuildTool|Win32
		{8C73E9C9-9839-4C59-A195-5AD4A721F4E9}.DebugGame|HTML5.ActiveCfg = BuiltWithUnrealBuildTool|Win32
		{8C73E9C9-9839-4C59-A195-5AD4A721F4E9}.DebugGame|HTML5.Build.0 = BuiltWithUnrealBuildTool|Win32
		{8C73E9C9-9839-4C59-A195-5AD4A721F4E9}.DebugGame|Win32.ActiveCfg = BuiltWithUnrealBuildTool|Win32
		{8C73E9C9-9839-4C59-A195-5AD4A721F4E9}.DebugGame|Win32.Build.0 = BuiltWithUnrealBuildTool|Win32
		{8C73E9C9-9839-4C59-A195-5AD4A721F4E9}.DebugGame|Win64.ActiveCfg = BuiltWithUnrealBuildTool|Win32
		{8C73E9C9-9839-4C59-A195-5AD4A721F4E9}.DebugGame|Win64.Build.0 = BuiltWithUnrealBuildTool|Win32
		{8C73E9C9-9839-4C59-A195-5AD4A721F4E9}.Development Editor|HTML5.ActiveCfg = BuiltWithUnrealBuildTool|Win32
		{8C73E9C9-9839-4C59-A195-5AD4A721F4E9}.Development Editor|HTML5.Build.0 = BuiltWithUnrealBuildTool|Win32
		{8C73E9C9-9839-4C59-A195-5AD4A721F4E9}.Development Editor|Win32.ActiveCfg = BuiltWithUnrealBuildTool|Win32
		{8C73E9C9-9839-4C59-A195-5AD4A721F4E9}.Development Editor|Win32.Build.0 = BuiltWithUnrealBuildTool|Win32
		{8C73E9C9-9839-4C59-A195-5AD4A721F4E9}.Development Editor|Win64.ActiveCfg = BuiltWithUnrealBuildTool|Win32
		{8C73E9C9-9839-4C59-A195-5AD4A721F4E9}.Development Editor|Win64.Build.0 = BuiltWithUnrealBuildTool|Win32
		{8C73E9C9-9839-4C59-A195-5AD4A721F4E9}.Development|HTML5.ActiveCfg = BuiltWithUnrealBuildTool|Win32
		{8C73E9C9-9839-4C59-A195-5AD4A721F4E9}.Development|HTML5.Build.0 = BuiltWithUnrealBuildTool|Win32
		{8C73E9C9-9839-4C59-A195-5AD4A721F4E9}.Development|Win32.ActiveCfg = BuiltWithUnrealBuildTool|Win32
		{8C73E9C9-9839-4C59-A195-5AD4A721F4E9}.Development|Win32.Build.0 = BuiltWithUnrealBuildTool|Win32
		{8C73E9C9-9839-4C59-A195-5AD4A721F4E9}.Development|Win64.ActiveCfg = BuiltWithUnrealBuildTool|Win32
		{8C73E9C9-9839-4C59-A195-5AD4A721F4E9}.Development|Win64.Build.0 = BuiltWithUnrealBuildTool|Win32
		{8C73E9C9-9839-4C59-A195-5AD4A721F4E9}.Shipping|HTML5.ActiveCfg = BuiltWithUnrealBuildTool|Win32
		{8C73E9C9-9839-4C59-A195-5AD4A721F4E9}.Shipping|HTML5.Build.0 = BuiltWithUnrealBuildTool|Win32
		{8C73E9C9-9839-4C59-A195-5AD4A721F4E9}.Shipping|Win32.ActiveCfg = BuiltWithUnrealBuildTool|Win32
		{8C73E9C9-9839-4C59-A195-5AD4A721F4E9}.Shipping|Win32.Build.0 = BuiltWithUnrealBuildTool|Win32
		{8C73E9C9-9839-4C59-A195-5AD4A721F4E9}.Shipping|Win64.ActiveCfg = BuiltWithUnrealBuildTool|Win32
		{8C73E9C9-9839-4C59-A195-5AD4A721F4E9}.Shipping|Win64.Build.0 = BuiltWithUnrealBuildTool|Win32
		{D83DD547-E99F-4E80-910D-701DC5D7F89B}.DebugGame Editor|HTML5.ActiveCfg = HTML5_DebugGame_Editor|Win32
		{D83DD547-E99F-4E80-910D-701DC5D7F89B}.DebugGame Editor|Win32.ActiveCfg = DebugGame_Editor|Win32
		{D83DD547-E99F-4E80-910D-701DC5D7F89B}.DebugGame Editor|Win64.ActiveCfg = DebugGame_Editor|x64
		{D83DD547-E99F-4E80-910D-701DC5D7F89B}.DebugGame Editor|Win64.Build.0 = DebugGame_Editor|x64
		{D83DD547-E99F-4E80-910D-701DC5D7F89B}.DebugGame|HTML5.ActiveCfg = HTML5_DebugGame_Game|Win32
		{D83DD547-E99F-4E80-910D-701DC5D7F89B}.DebugGame|HTML5.Build.0 = HTML5_DebugGame_Game|Win32
		{D83DD547-E99F-4E80-910D-701DC5D7F89B}.DebugGame|Win32.ActiveCfg = DebugGame_Game|Win32
		{D83DD547-E99F-4E80-910D-701DC5D7F89B}.DebugGame|Win32.Build.0 = DebugGame_Game|Win32
		{D83DD547-E99F-4E80-910D-701DC5D7F89B}.DebugGame|Win64.ActiveCfg = DebugGame_Game|x64
		{D83DD547-E99F-4E80-910D-701DC5D7F89B}.DebugGame|Win64.Build.0 = DebugGame_Game|x64
		{D83DD547-E99F-4E80-910D-701DC5D7F89B}.Development Editor|HTML5.ActiveCfg = HTML5_Development_Editor|Win32
		{D83DD547-E99F-4E80-910D-701DC5D7F89B}.Development Editor|Win32.ActiveCfg = Development_Editor|Win32
		{D83DD547-E99F-4E80-910D-701DC5D7F89B}.Development Editor|Win64.ActiveCfg = Development_Editor|x64
		{D83DD547-E99F-4E80-910D-701DC5D7F89B}.Development Editor|Win64.Build.0 = Development_Editor|x64
		{D83DD547-E99F-4E80-910D-701DC5D7F89B}.Development|HTML5.ActiveCfg = HTML5_Development_Game|Win32
		{D83DD547-E99F-4E80-910D-701DC5D7F89B}.Development|HTML5.Build.0 = HTML5_Development_Game|Win32
		{D83DD547-E99F-4E80-910D-701DC5D7F89B}.Development|Win32.ActiveCfg = Development_Game|Win32
		{D83DD547-E99F-4E80-910D-701DC5D7F89B}.Development|Win32.Build.0 = Development_Game|Win32
		{D83DD547-E99F-4E80-910D-701DC5D7F89B}.Development|Win64.ActiveCfg = Development_Game|x64
		{D83DD547-E99F-4E80-910D-701DC5D7F89B}.Development|Win64.Build.0 = Development_Game|x64
		{D83DD547-E99F-4E80-910D-701DC5D7F89B}.Shipping|HTML5.ActiveCfg = HTML5_Shipping_Game|Win32
		{D83DD547-E99F-4E80-910D-701DC5D7F89B}.Shipping|HTML5.Build.0 = HTML5_Shipping_Game|Win32
		{D83DD547-E99F-4E80-910D-701DC5D7F89B}.Shipping|Win32.ActiveCfg = Shipping_Game|Win32
		{D83DD547-E99F-4E80-910D-701DC5D7F89B}.Shipping|Win32.Build.0 = Shipping_Game|Win32
		{D83DD547-E99F-4E80-910D-701DC5D7F89B}.Shipping|Win64.ActiveCfg = Shipping_Game|x64
		{D83DD547-E99F-4E80-910D-701DC5D7F89B}.Shipping|Win64.Build.0 = Shipping_Game|x64
	EndGlobalSection
	GlobalSection(SolutionProperties) = preSolution
		HideSolutionNode = FALSE
	EndGlobalSection
	GlobalSection(NestedProjects) = preSolution
		{8C73E9C9-9839-4C59-A195-5AD4A721F4E9} = {F2799695-4302-410C-9D45-8307BBDFCF31}
		{D83DD547-E99F-4E80-910D-701DC5D7F89B} = {50193EA2-E1A5-4065-8F02-79211A09B856}
	EndGlobalSection
	GlobalSection(ExtensibilityGlobals) = postSolution
		SolutionGuid = {77FE954D-6CC5-44B7-BCD0-07564BAEA8CE}
	EndGlobalSection
EndGlobal
